
Microsoft Visual Studio Solution File, Format Version 12.00
# Visual Studio Version 17
VisualStudioVersion = 17.8.34330.188
MinimumVisualStudioVersion = 10.0.40219.1
Project("{FAE04EC0-301F-11D3-BF4B-00C04F79EFBC}") = "ECommerce.API", "ECommerce.API\ECommerce.API.csproj", "{59CD89A9-8979-4A67-8229-56D4FFD8A163}"
EndProject
Project("{FAE04EC0-301F-11D3-BF4B-00C04F79EFBC}") = "ECommerce.Core", "ECommerce.Core\ECommerce.Core.csproj", "{B6A6AF31-0B07-4816-A7EF-4E27E29DEA50}"
EndProject
Project("{FAE04EC0-301F-11D3-BF4B-00C04F79EFBC}") = "ECommerce.Infrastructure", "ECommerce.Infrastructure\ECommerce.Infrastructure.csproj", "{F2B4B285-8253-4A83-A952-B53D348AEEA7}"
EndProject
Global
	GlobalSection(SolutionConfigurationPlatforms) = preSolution
		Debug|Any CPU = Debug|Any CPU
		Release|Any CPU = Release|Any CPU
	EndGlobalSection
	GlobalSection(ProjectConfigurationPlatforms) = postSolution
		{59CD89A9-8979-4A67-8229-56D4FFD8A163}.Debug|Any CPU.ActiveCfg = Debug|Any CPU
		{59CD89A9-8979-4A67-8229-56D4FFD8A163}.Debug|Any CPU.Build.0 = Debug|Any CPU
		{59CD89A9-8979-4A67-8229-56D4FFD8A163}.Release|Any CPU.ActiveCfg = Release|Any CPU
		{59CD89A9-8979-4A67-8229-56D4FFD8A163}.Release|Any CPU.Build.0 = Release|Any CPU
		{B6A6AF31-0B07-4816-A7EF-4E27E29DEA50}.Debug|Any CPU.ActiveCfg = Debug|Any CPU
		{B6A6AF31-0B07-4816-A7EF-4E27E29DEA50}.Debug|Any CPU.Build.0 = Debug|Any CPU
		{B6A6AF31-0B07-4816-A7EF-4E27E29DEA50}.Release|Any CPU.ActiveCfg = Release|Any CPU
		{B6A6AF31-0B07-4816-A7EF-4E27E29DEA50}.Release|Any CPU.Build.0 = Release|Any CPU
		{F2B4B285-8253-4A83-A952-B53D348AEEA7}.Debug|Any CPU.ActiveCfg = Debug|Any CPU
		{F2B4B285-8253-4A83-A952-B53D348AEEA7}.Debug|Any CPU.Build.0 = Debug|Any CPU
		{F2B4B285-8253-4A83-A952-B53D348AEEA7}.Release|Any CPU.ActiveCfg = Release|Any CPU
		{F2B4B285-8253-4A83-A952-B53D348AEEA7}.Release|Any CPU.Build.0 = Release|Any CPU
	EndGlobalSection
	GlobalSection(SolutionProperties) = preSolution
		HideSolutionNode = FALSE
	EndGlobalSection
	GlobalSection(ExtensibilityGlobals) = postSolution
		SolutionGuid = {3A6BB673-84A1-4EC0-9518-39CE841F3F0D}
	EndGlobalSection
EndGlobal
